
Microsoft Visual Studio Solution File, Format Version 12.00
# Visual Studio Version 17
VisualStudioVersion = 17.13.35806.99
MinimumVisualStudioVersion = 10.0.40219.1
Project("{FAE04EC0-301F-11D3-BF4B-00C04F79EFBC}") = "TCPClient", "TCPClient\TCPClient.csproj", "{D270B95A-ADB2-4175-9C3E-4B194A4311F9}"
EndProject
Project("{FAE04EC0-301F-11D3-BF4B-00C04F79EFBC}") = "TCPServer", "TCPServer\TCPServer.csproj", "{909BB2ED-7515-467F-9384-51F4E08221F6}"
EndProject
Project("{FAE04EC0-301F-11D3-BF4B-00C04F79EFBC}") = "chiffrement-C-sar", "chiffrement-C-sar\chiffrement-C-sar.csproj", "{9743F841-88A0-406D-9CD8-B3879A28C99B}"
EndProject
Global
	GlobalSection(SolutionConfigurationPlatforms) = preSolution
		Debug|Any CPU = Debug|Any CPU
		Release|Any CPU = Release|Any CPU
	EndGlobalSection
	GlobalSection(ProjectConfigurationPlatforms) = postSolution
		{D270B95A-ADB2-4175-9C3E-4B194A4311F9}.Debug|Any CPU.ActiveCfg = Debug|Any CPU
		{D270B95A-ADB2-4175-9C3E-4B194A4311F9}.Debug|Any CPU.Build.0 = Debug|Any CPU
		{D270B95A-ADB2-4175-9C3E-4B194A4311F9}.Release|Any CPU.ActiveCfg = Release|Any CPU
		{D270B95A-ADB2-4175-9C3E-4B194A4311F9}.Release|Any CPU.Build.0 = Release|Any CPU
		{909BB2ED-7515-467F-9384-51F4E08221F6}.Debug|Any CPU.ActiveCfg = Debug|Any CPU
		{909BB2ED-7515-467F-9384-51F4E08221F6}.Debug|Any CPU.Build.0 = Debug|Any CPU
		{909BB2ED-7515-467F-9384-51F4E08221F6}.Release|Any CPU.ActiveCfg = Release|Any CPU
		{909BB2ED-7515-467F-9384-51F4E08221F6}.Release|Any CPU.Build.0 = Release|Any CPU
		{9743F841-88A0-406D-9CD8-B3879A28C99B}.Debug|Any CPU.ActiveCfg = Debug|Any CPU
		{9743F841-88A0-406D-9CD8-B3879A28C99B}.Debug|Any CPU.Build.0 = Debug|Any CPU
		{9743F841-88A0-406D-9CD8-B3879A28C99B}.Release|Any CPU.ActiveCfg = Release|Any CPU
		{9743F841-88A0-406D-9CD8-B3879A28C99B}.Release|Any CPU.Build.0 = Release|Any CPU
	EndGlobalSection
	GlobalSection(SolutionProperties) = preSolution
		HideSolutionNode = FALSE
	EndGlobalSection
	GlobalSection(ExtensibilityGlobals) = postSolution
		SolutionGuid = {B0450593-5569-417E-B64B-548DD496F173}
	EndGlobalSection
EndGlobal
